
Microsoft Visual Studio Solution File, Format Version 12.00
# Visual Studio Version 16
VisualStudioVersion = 16.0.31729.503
MinimumVisualStudioVersion = 10.0.40219.1
Project("{FAE04EC0-301F-11D3-BF4B-00C04F79EFBC}") = "Ecommerce", "Ecommerce\Ecommerce.csproj", "{31988FA2-F912-426E-B14B-9362598AE9C0}"
EndProject
Global
	GlobalSection(SolutionConfigurationPlatforms) = preSolution
		Debug|Any CPU = Debug|Any CPU
		Release|Any CPU = Release|Any CPU
	EndGlobalSection
	GlobalSection(ProjectConfigurationPlatforms) = postSolution
		{31988FA2-F912-426E-B14B-9362598AE9C0}.Debug|Any CPU.ActiveCfg = Debug|Any CPU
		{31988FA2-F912-426E-B14B-9362598AE9C0}.Debug|Any CPU.Build.0 = Debug|Any CPU
		{31988FA2-F912-426E-B14B-9362598AE9C0}.Release|Any CPU.ActiveCfg = Release|Any CPU
		{31988FA2-F912-426E-B14B-9362598AE9C0}.Release|Any CPU.Build.0 = Release|Any CPU
	EndGlobalSection
	GlobalSection(SolutionProperties) = preSolution
		HideSolutionNode = FALSE
	EndGlobalSection
	GlobalSection(ExtensibilityGlobals) = postSolution
		SolutionGuid = {F7650EF7-BF8D-4C90-ADA7-D21801953492}
	EndGlobalSection
EndGlobal
